// !$*UTF8*$!
{
	archiveVersion = 1;
	classes = {
	};
	objectVersion = 50;
	objects = {

/* Begin PBXBuildFile section */
		4A52323B25FE8A1000412161 /* GalleryApp.swift in Sources */ = {isa = PBXBuildFile; fileRef = 4A52323A25FE8A1000412161 /* GalleryApp.swift */; };
		4A52323F25FE8A1200412161 /* Assets.xcassets in Resources */ = {isa = PBXBuildFile; fileRef = 4A52323E25FE8A1200412161 /* Assets.xcassets */; };
		4A52324225FE8A1200412161 /* Preview Assets.xcassets in Resources */ = {isa = PBXBuildFile; fileRef = 4A52324125FE8A1200412161 /* Preview Assets.xcassets */; };
		4A52324C25FEAF9800412161 /* fire2.png in Resources */ = {isa = PBXBuildFile; fileRef = 4A52324B25FEAF9800412161 /* fire2.png */; };
		4A52325025FEAFB400412161 /* No internet.png in Resources */ = {isa = PBXBuildFile; fileRef = 4A52324E25FEAFB400412161 /* No internet.png */; };
		4A52325125FEAFB400412161 /* TodayIcon.png in Resources */ = {isa = PBXBuildFile; fileRef = 4A52324F25FEAFB400412161 /* TodayIcon.png */; };
		4A52325D25FEB33000412161 /* firework1.png in Resources */ = {isa = PBXBuildFile; fileRef = 4A52325C25FEB33000412161 /* firework1.png */; };
		4A7219702603CA3200F306DC /* NewView.swift in Sources */ = {isa = PBXBuildFile; fileRef = 4A72196F2603CA3100F306DC /* NewView.swift */; };
		4A7219762604B38200F306DC /* PopularView.swift in Sources */ = {isa = PBXBuildFile; fileRef = 4A7219752604B38200F306DC /* PopularView.swift */; };
		4A72197B2604C7B200F306DC /* DetailedInformationView.swift in Sources */ = {isa = PBXBuildFile; fileRef = 4A72197A2604C7B200F306DC /* DetailedInformationView.swift */; };
		4A962A0B2603BE5A004144D3 /* ContentView.swift in Sources */ = {isa = PBXBuildFile; fileRef = 4A962A0A2603BE5A004144D3 /* ContentView.swift */; };
/* End PBXBuildFile section */

/* Begin PBXFileReference section */
		4A52323725FE8A0F00412161 /* Gallery.app */ = {isa = PBXFileReference; explicitFileType = wrapper.application; includeInIndex = 0; path = Gallery.app; sourceTree = BUILT_PRODUCTS_DIR; };
		4A52323A25FE8A1000412161 /* GalleryApp.swift */ = {isa = PBXFileReference; lastKnownFileType = sourcecode.swift; path = GalleryApp.swift; sourceTree = "<group>"; };
		4A52323E25FE8A1200412161 /* Assets.xcassets */ = {isa = PBXFileReference; lastKnownFileType = folder.assetcatalog; path = Assets.xcassets; sourceTree = "<group>"; };
		4A52324125FE8A1200412161 /* Preview Assets.xcassets */ = {isa = PBXFileReference; lastKnownFileType = folder.assetcatalog; path = "Preview Assets.xcassets"; sourceTree = "<group>"; };
		4A52324325FE8A1200412161 /* Info.plist */ = {isa = PBXFileReference; lastKnownFileType = text.plist.xml; path = Info.plist; sourceTree = "<group>"; };
		4A52324B25FEAF9800412161 /* fire2.png */ = {isa = PBXFileReference; lastKnownFileType = image.png; path = fire2.png; sourceTree = "<group>"; };
		4A52324E25FEAFB400412161 /* No internet.png */ = {isa = PBXFileReference; lastKnownFileType = image.png; path = "No internet.png"; sourceTree = "<group>"; };
		4A52324F25FEAFB400412161 /* TodayIcon.png */ = {isa = PBXFileReference; lastKnownFileType = image.png; path = TodayIcon.png; sourceTree = "<group>"; };
		4A52325C25FEB33000412161 /* firework1.png */ = {isa = PBXFileReference; lastKnownFileType = image.png; name = firework1.png; path = ../../../../Downloads/firework1.png; sourceTree = "<group>"; };
		4A72196F2603CA3100F306DC /* NewView.swift */ = {isa = PBXFileReference; lastKnownFileType = sourcecode.swift; path = NewView.swift; sourceTree = "<group>"; };
		4A7219752604B38200F306DC /* PopularView.swift */ = {isa = PBXFileReference; lastKnownFileType = sourcecode.swift; path = PopularView.swift; sourceTree = "<group>"; };
		4A72197A2604C7B200F306DC /* DetailedInformationView.swift */ = {isa = PBXFileReference; lastKnownFileType = sourcecode.swift; path = DetailedInformationView.swift; sourceTree = "<group>"; };
		4A962A0A2603BE5A004144D3 /* ContentView.swift */ = {isa = PBXFileReference; lastKnownFileType = sourcecode.swift; path = ContentView.swift; sourceTree = "<group>"; };
/* End PBXFileReference section */

/* Begin PBXFrameworksBuildPhase section */
		4A52323425FE8A0F00412161 /* Frameworks */ = {
			isa = PBXFrameworksBuildPhase;
			buildActionMask = 2147483647;
			files = (
			);
			runOnlyForDeploymentPostprocessing = 0;
		};
/* End PBXFrameworksBuildPhase section */

/* Begin PBXGroup section */
		4A52322E25FE8A0F00412161 = {
			isa = PBXGroup;
			children = (
				4A52323925FE8A0F00412161 /* Gallery */,
				4A52323825FE8A0F00412161 /* Products */,
			);
			sourceTree = "<group>";
		};
		4A52323825FE8A0F00412161 /* Products */ = {
			isa = PBXGroup;
			children = (
				4A52323725FE8A0F00412161 /* Gallery.app */,
			);
			name = Products;
			sourceTree = "<group>";
		};
		4A52323925FE8A0F00412161 /* Gallery */ = {
			isa = PBXGroup;
			children = (
				4A7219792604C78100F306DC /* Detailed Information */,
				4A7219732604B35900F306DC /* Popular */,
				4A962A092603BB9E004144D3 /* New  */,
				4A52323A25FE8A1000412161 /* GalleryApp.swift */,
				4A52323E25FE8A1200412161 /* Assets.xcassets */,
				4A962A0A2603BE5A004144D3 /* ContentView.swift */,
				4A52324325FE8A1200412161 /* Info.plist */,
				4A52324A25FEAF7D00412161 /* Assets */,
				4A52326225FF42D100412161 /* Support Files */,
				4A52324025FE8A1200412161 /* Preview Content */,
			);
			path = Gallery;
			sourceTree = "<group>";
		};
		4A52324025FE8A1200412161 /* Preview Content */ = {
			isa = PBXGroup;
			children = (
				4A52324125FE8A1200412161 /* Preview Assets.xcassets */,
			);
			path = "Preview Content";
			sourceTree = "<group>";
		};
		4A52324A25FEAF7D00412161 /* Assets */ = {
			isa = PBXGroup;
			children = (
				4A52324E25FEAFB400412161 /* No internet.png */,
				4A52324F25FEAFB400412161 /* TodayIcon.png */,
				4A52324B25FEAF9800412161 /* fire2.png */,
				4A52325C25FEB33000412161 /* firework1.png */,
			);
			path = Assets;
			sourceTree = "<group>";
		};
		4A52326225FF42D100412161 /* Support Files */ = {
			isa = PBXGroup;
			children = (
			);
			name = "Support Files";
			path = ..;
			sourceTree = "<group>";
		};
		4A7219732604B35900F306DC /* Popular */ = {
			isa = PBXGroup;
			children = (
				4A7219752604B38200F306DC /* PopularView.swift */,
			);
			path = Popular;
			sourceTree = "<group>";
		};
		4A7219792604C78100F306DC /* Detailed Information */ = {
			isa = PBXGroup;
			children = (
				4A72197A2604C7B200F306DC /* DetailedInformationView.swift */,
			);
			path = "Detailed Information";
			sourceTree = "<group>";
		};
		4A962A092603BB9E004144D3 /* New  */ = {
			isa = PBXGroup;
			children = (
				4A72196F2603CA3100F306DC /* NewView.swift */,
			);
			path = "New ";
			sourceTree = "<group>";
		};
/* End PBXGroup section */

/* Begin PBXNativeTarget section */
		4A52323625FE8A0F00412161 /* Gallery */ = {
			isa = PBXNativeTarget;
			buildConfigurationList = 4A52324625FE8A1200412161 /* Build configuration list for PBXNativeTarget "Gallery" */;
			buildPhases = (
				4A52323325FE8A0F00412161 /* Sources */,
				4A52323425FE8A0F00412161 /* Frameworks */,
				4A52323525FE8A0F00412161 /* Resources */,
			);
			buildRules = (
			);
			dependencies = (
			);
			name = Gallery;
			productName = Gallery;
			productReference = 4A52323725FE8A0F00412161 /* Gallery.app */;
			productType = "com.apple.product-type.application";
		};
/* End PBXNativeTarget section */

/* Begin PBXProject section */
		4A52322F25FE8A0F00412161 /* Project object */ = {
			isa = PBXProject;
			attributes = {
				LastSwiftUpdateCheck = 1230;
				LastUpgradeCheck = 1230;
				TargetAttributes = {
					4A52323625FE8A0F00412161 = {
						CreatedOnToolsVersion = 12.3;
					};
				};
			};
			buildConfigurationList = 4A52323225FE8A0F00412161 /* Build configuration list for PBXProject "Gallery" */;
			compatibilityVersion = "Xcode 9.3";
			developmentRegion = en;
			hasScannedForEncodings = 0;
			knownRegions = (
				en,
				Base,
			);
			mainGroup = 4A52322E25FE8A0F00412161;
			productRefGroup = 4A52323825FE8A0F00412161 /* Products */;
			projectDirPath = "";
			projectRoot = "";
			targets = (
				4A52323625FE8A0F00412161 /* Gallery */,
			);
		};
/* End PBXProject section */

/* Begin PBXResourcesBuildPhase section */
		4A52323525FE8A0F00412161 /* Resources */ = {
			isa = PBXResourcesBuildPhase;
			buildActionMask = 2147483647;
			files = (
				4A52325025FEAFB400412161 /* No internet.png in Resources */,
				4A52324C25FEAF9800412161 /* fire2.png in Resources */,
				4A52324225FE8A1200412161 /* Preview Assets.xcassets in Resources */,
				4A52325D25FEB33000412161 /* firework1.png in Resources */,
				4A52325125FEAFB400412161 /* TodayIcon.png in Resources */,
				4A52323F25FE8A1200412161 /* Assets.xcassets in Resources */,
			);
			runOnlyForDeploymentPostprocessing = 0;
		};
/* End PBXResourcesBuildPhase section */

/* Begin PBXSourcesBuildPhase section */
		4A52323325FE8A0F00412161 /* Sources */ = {
			isa = PBXSourcesBuildPhase;
			buildActionMask = 2147483647;
			files = (
				4A7219702603CA3200F306DC /* NewView.swift in Sources */,
				4A72197B2604C7B200F306DC /* DetailedInformationView.swift in Sources */,
				4A52323B25FE8A1000412161 /* GalleryApp.swift in Sources */,
				4A7219762604B38200F306DC /* PopularView.swift in Sources */,
				4A962A0B2603BE5A004144D3 /* ContentView.swift in Sources */,
			);
			runOnlyForDeploymentPostprocessing = 0;
		};
/* End PBXSourcesBuildPhase section */

/* Begin XCBuildConfiguration section */
		4A52324425FE8A1200412161 /* Debug */ = {
			isa = XCBuildConfiguration;
			buildSettings = {
				ALWAYS_SEARCH_USER_PATHS = NO;
				CLANG_ANALYZER_NONNULL = YES;
				CLANG_ANALYZER_NUMBER_OBJECT_CONVERSION = YES_AGGRESSIVE;
				CLANG_CXX_LANGUAGE_STANDARD = "gnu++14";
				CLANG_CXX_LIBRARY = "libc++";
				CLANG_ENABLE_MODULES = YES;
				CLANG_ENABLE_OBJC_ARC = YES;
				CLANG_ENABLE_OBJC_WEAK = YES;
				CLANG_WARN_BLOCK_CAPTURE_AUTORELEASING = YES;
				CLANG_WARN_BOOL_CONVERSION = YES;
				CLANG_WARN_COMMA = YES;
				CLANG_WARN_CONSTANT_CONVERSION = YES;
				CLANG_WARN_DEPRECATED_OBJC_IMPLEMENTATIONS = YES;
				CLANG_WARN_DIRECT_OBJC_ISA_USAGE = YES_ERROR;
				CLANG_WARN_DOCUMENTATION_COMMENTS = YES;
				CLANG_WARN_EMPTY_BODY = YES;
				CLANG_WARN_ENUM_CONVERSION = YES;
				CLANG_WARN_INFINITE_RECURSION = YES;
				CLANG_WARN_INT_CONVERSION = YES;
				CLANG_WARN_NON_LITERAL_NULL_CONVERSION = YES;
				CLANG_WARN_OBJC_IMPLICIT_RETAIN_SELF = YES;
				CLANG_WARN_OBJC_LITERAL_CONVERSION = YES;
				CLANG_WARN_OBJC_ROOT_CLASS = YES_ERROR;
				CLANG_WARN_QUOTED_INCLUDE_IN_FRAMEWORK_HEADER = YES;
				CLANG_WARN_RANGE_LOOP_ANALYSIS = YES;
				CLANG_WARN_STRICT_PROTOTYPES = YES;
				CLANG_WARN_SUSPICIOUS_MOVE = YES;
				CLANG_WARN_UNGUARDED_AVAILABILITY = YES_AGGRESSIVE;
				CLANG_WARN_UNREACHABLE_CODE = YES;
				CLANG_WARN__DUPLICATE_METHOD_MATCH = YES;
				COPY_PHASE_STRIP = NO;
				DEBUG_INFORMATION_FORMAT = dwarf;
				ENABLE_STRICT_OBJC_MSGSEND = YES;
				ENABLE_TESTABILITY = YES;
				GCC_C_LANGUAGE_STANDARD = gnu11;
				GCC_DYNAMIC_NO_PIC = NO;
				GCC_NO_COMMON_BLOCKS = YES;
				GCC_OPTIMIZATION_LEVEL = 0;
				GCC_PREPROCESSOR_DEFINITIONS = (
					"DEBUG=1",
					"$(inherited)",
				);
				GCC_WARN_64_TO_32_BIT_CONVERSION = YES;
				GCC_WARN_ABOUT_RETURN_TYPE = YES_ERROR;
				GCC_WARN_UNDECLARED_SELECTOR = YES;
				GCC_WARN_UNINITIALIZED_AUTOS = YES_AGGRESSIVE;
				GCC_WARN_UNUSED_FUNCTION = YES;
				GCC_WARN_UNUSED_VARIABLE = YES;
				IPHONEOS_DEPLOYMENT_TARGET = 14.3;
				MTL_ENABLE_DEBUG_INFO = INCLUDE_SOURCE;
				MTL_FAST_MATH = YES;
				ONLY_ACTIVE_ARCH = YES;
				SDKROOT = iphoneos;
				SWIFT_ACTIVE_COMPILATION_CONDITIONS = DEBUG;
				SWIFT_OPTIMIZATION_LEVEL = "-Onone";
			};
			name = Debug;
		};
		4A52324525FE8A1200412161 /* Release */ = {
			isa = XCBuildConfiguration;
			buildSettings = {
				ALWAYS_SEARCH_USER_PATHS = NO;
				CLANG_ANALYZER_NONNULL = YES;
				CLANG_ANALYZER_NUMBER_OBJECT_CONVERSION = YES_AGGRESSIVE;
				CLANG_CXX_LANGUAGE_STANDARD = "gnu++14";
				CLANG_CXX_LIBRARY = "libc++";
				CLANG_ENABLE_MODULES = YES;
				CLANG_ENABLE_OBJC_ARC = YES;
				CLANG_ENABLE_OBJC_WEAK = YES;
				CLANG_WARN_BLOCK_CAPTURE_AUTORELEASING = YES;
				CLANG_WARN_BOOL_CONVERSION = YES;
				CLANG_WARN_COMMA = YES;
				CLANG_WARN_CONSTANT_CONVERSION = YES;
				CLANG_WARN_DEPRECATED_OBJC_IMPLEMENTATIONS = YES;
				CLANG_WARN_DIRECT_OBJC_ISA_USAGE = YES_ERROR;
				CLANG_WARN_DOCUMENTATION_COMMENTS = YES;
				CLANG_WARN_EMPTY_BODY = YES;
				CLANG_WARN_ENUM_CONVERSION = YES;
				CLANG_WARN_INFINITE_RECURSION = YES;
				CLANG_WARN_INT_CONVERSION = YES;
				CLANG_WARN_NON_LITERAL_NULL_CONVERSION = YES;
				CLANG_WARN_OBJC_IMPLICIT_RETAIN_SELF = YES;
				CLANG_WARN_OBJC_LITERAL_CONVERSION = YES;
				CLANG_WARN_OBJC_ROOT_CLASS = YES_ERROR;
				CLANG_WARN_QUOTED_INCLUDE_IN_FRAMEWORK_HEADER = YES;
				CLANG_WARN_RANGE_LOOP_ANALYSIS = YES;
				CLANG_WARN_STRICT_PROTOTYPES = YES;
				CLANG_WARN_SUSPICIOUS_MOVE = YES;
				CLANG_WARN_UNGUARDED_AVAILABILITY = YES_AGGRESSIVE;
				CLANG_WARN_UNREACHABLE_CODE = YES;
				CLANG_WARN__DUPLICATE_METHOD_MATCH = YES;
				COPY_PHASE_STRIP = NO;
				DEBUG_INFORMATION_FORMAT = "dwarf-with-dsym";
				ENABLE_NS_ASSERTIONS = NO;
				ENABLE_STRICT_OBJC_MSGSEND = YES;
				GCC_C_LANGUAGE_STANDARD = gnu11;
				GCC_NO_COMMON_BLOCKS = YES;
				GCC_WARN_64_TO_32_BIT_CONVERSION = YES;
				GCC_WARN_ABOUT_RETURN_TYPE = YES_ERROR;
				GCC_WARN_UNDECLARED_SELECTOR = YES;
				GCC_WARN_UNINITIALIZED_AUTOS = YES_AGGRESSIVE;
				GCC_WARN_UNUSED_FUNCTION = YES;
				GCC_WARN_UNUSED_VARIABLE = YES;
				IPHONEOS_DEPLOYMENT_TARGET = 14.3;
				MTL_ENABLE_DEBUG_INFO = NO;
				MTL_FAST_MATH = YES;
				SDKROOT = iphoneos;
				SWIFT_COMPILATION_MODE = wholemodule;
				SWIFT_OPTIMIZATION_LEVEL = "-O";
				VALIDATE_PRODUCT = YES;
			};
			name = Release;
		};
		4A52324725FE8A1200412161 /* Debug */ = {
			isa = XCBuildConfiguration;
			buildSettings = {
				ASSETCATALOG_COMPILER_APPICON_NAME = AppIcon;
				ASSETCATALOG_COMPILER_GLOBAL_ACCENT_COLOR_NAME = AccentColor;
				CODE_SIGN_STYLE = Automatic;
				DEVELOPMENT_ASSET_PATHS = "\"Gallery/Preview Content\"";
				DEVELOPMENT_TEAM = 354PX6CU46;
				ENABLE_PREVIEWS = YES;
				INFOPLIST_FILE = Gallery/Info.plist;
				IPHONEOS_DEPLOYMENT_TARGET = 14.0;
				LD_RUNPATH_SEARCH_PATHS = (
					"$(inherited)",
					"@executable_path/Frameworks",
				);
				PRODUCT_BUNDLE_IDENTIFIER = WebAntIntern.Gallery;
				PRODUCT_NAME = "$(TARGET_NAME)";
				SWIFT_VERSION = 5.0;
				TARGETED_DEVICE_FAMILY = "1,2";
			};
			name = Debug;
		};
		4A52324825FE8A1200412161 /* Release */ = {
			isa = XCBuildConfiguration;
			buildSettings = {
				ASSETCATALOG_COMPILER_APPICON_NAME = AppIcon;
				ASSETCATALOG_COMPILER_GLOBAL_ACCENT_COLOR_NAME = AccentColor;
				CODE_SIGN_STYLE = Automatic;
				DEVELOPMENT_ASSET_PATHS = "\"Gallery/Preview Content\"";
				DEVELOPMENT_TEAM = 354PX6CU46;
				ENABLE_PREVIEWS = YES;
				INFOPLIST_FILE = Gallery/Info.plist;
				IPHONEOS_DEPLOYMENT_TARGET = 14.0;
				LD_RUNPATH_SEARCH_PATHS = (
					"$(inherited)",
					"@executable_path/Frameworks",
				);
				PRODUCT_BUNDLE_IDENTIFIER = WebAntIntern.Gallery;
				PRODUCT_NAME = "$(TARGET_NAME)";
				SWIFT_VERSION = 5.0;
				TARGETED_DEVICE_FAMILY = "1,2";
			};
			name = Release;
		};
/* End XCBuildConfiguration section */

/* Begin XCConfigurationList section */
		4A52323225FE8A0F00412161 /* Build configuration list for PBXProject "Gallery" */ = {
			isa = XCConfigurationList;
			buildConfigurations = (
				4A52324425FE8A1200412161 /* Debug */,
				4A52324525FE8A1200412161 /* Release */,
			);
			defaultConfigurationIsVisible = 0;
			defaultConfigurationName = Release;
		};
		4A52324625FE8A1200412161 /* Build configuration list for PBXNativeTarget "Gallery" */ = {
			isa = XCConfigurationList;
			buildConfigurations = (
				4A52324725FE8A1200412161 /* Debug */,
				4A52324825FE8A1200412161 /* Release */,
			);
			defaultConfigurationIsVisible = 0;
			defaultConfigurationName = Release;
		};
/* End XCConfigurationList section */
	};
	rootObject = 4A52322F25FE8A0F00412161 /* Project object */;
}
